
Microsoft Visual Studio Solution File, Format Version 11.00
# Visual Studio 2010
Project("{FAE04EC0-301F-11D3-BF4B-00C04F79EFBC}") = "UnityEngine.TestRunner", "UnityEngine.TestRunner.csproj", "{c580afbf-4e7e-fb7d-3c64-086111cb044f}"
EndProject
Project("{FAE04EC0-301F-11D3-BF4B-00C04F79EFBC}") = "Unity.Mathematics", "Unity.Mathematics.csproj", "{dda8d5d8-4807-e7c4-2325-570b67e16dc6}"
EndProject
Project("{FAE04EC0-301F-11D3-BF4B-00C04F79EFBC}") = "Unity.2D.Animation.Triangle.Runtime", "Unity.2D.Animation.Triangle.Runtime.csproj", "{ec73c766-c10f-f7e5-3649-7667d262d58b}"
EndProject
Project("{FAE04EC0-301F-11D3-BF4B-00C04F79EFBC}") = "Unity.Timeline", "Unity.Timeline.csproj", "{a26f6f5c-c8d9-9064-8b7b-eae781e5c849}"
EndProject
Project("{FAE04EC0-301F-11D3-BF4B-00C04F79EFBC}") = "UnityEngine.UI", "UnityEngine.UI.csproj", "{fd8942cb-59d4-f3ed-e341-8f51a0b84378}"
EndProject
Project("{FAE04EC0-301F-11D3-BF4B-00C04F79EFBC}") = "Unity.TextMeshPro", "Unity.TextMeshPro.csproj", "{c95109b8-b62a-649b-baec-3c9f7f20323f}"
EndProject
Project("{FAE04EC0-301F-11D3-BF4B-00C04F79EFBC}") = "Unity.2D.Animation.Runtime", "Unity.2D.Animation.Runtime.csproj", "{809c7ac9-3a8e-aa52-abc0-baf506084d17}"
EndProject
Project("{FAE04EC0-301F-11D3-BF4B-00C04F79EFBC}") = "Unity.2D.IK.Runtime", "Unity.2D.IK.Runtime.csproj", "{daf66e8b-e414-01e6-2149-8e9cc651b622}"
EndProject
Project("{FAE04EC0-301F-11D3-BF4B-00C04F79EFBC}") = "Unity.2D.SpriteShape.Runtime", "Unity.2D.SpriteShape.Runtime.csproj", "{3d0be06c-4ee0-f961-3c7d-5fe79ec77583}"
EndProject
Project("{FAE04EC0-301F-11D3-BF4B-00C04F79EFBC}") = "Assembly-CSharp", "Assembly-CSharp.csproj", "{f328c09b-126b-0678-1c1c-b3f8e3077522}"
EndProject
Project("{FAE04EC0-301F-11D3-BF4B-00C04F79EFBC}") = "Unity.2D.PixelPerfect", "Unity.2D.PixelPerfect.csproj", "{97e61d05-b00f-2b49-a489-a1be04f35664}"
EndProject
Project("{FAE04EC0-301F-11D3-BF4B-00C04F79EFBC}") = "Unity.2D.Common.Runtime", "Unity.2D.Common.Runtime.csproj", "{f6b89418-f51c-d447-1ede-1877df2fe452}"
EndProject
Project("{FAE04EC0-301F-11D3-BF4B-00C04F79EFBC}") = "Unity.InternalAPIEngineBridge.001", "Unity.InternalAPIEngineBridge.001.csproj", "{819a6249-77dd-655f-1be2-52bc76ec030f}"
EndProject
Project("{FAE04EC0-301F-11D3-BF4B-00C04F79EFBC}") = "UnityEditor.TestRunner", "UnityEditor.TestRunner.csproj", "{5eab2697-20a7-bf8d-92fd-ab551dd6b5d4}"
EndProject
Project("{FAE04EC0-301F-11D3-BF4B-00C04F79EFBC}") = "Unity.PlasticSCM.Editor", "Unity.PlasticSCM.Editor.csproj", "{4d159712-e6fa-cfc7-103c-665f9eff9f6e}"
EndProject
Project("{FAE04EC0-301F-11D3-BF4B-00C04F79EFBC}") = "UnityEditor.UI", "UnityEditor.UI.csproj", "{af3c8b51-c875-91ef-7d73-356bae2df09c}"
EndProject
Project("{FAE04EC0-301F-11D3-BF4B-00C04F79EFBC}") = "Unity.Services.Core.Editor", "Unity.Services.Core.Editor.csproj", "{06004fb6-1752-86a5-3527-fa6615afefa3}"
EndProject
Project("{FAE04EC0-301F-11D3-BF4B-00C04F79EFBC}") = "Unity.Timeline.Editor", "Unity.Timeline.Editor.csproj", "{207445af-e007-a2ab-cb9a-21107be557b3}"
EndProject
Project("{FAE04EC0-301F-11D3-BF4B-00C04F79EFBC}") = "Unity.VisualStudio.Editor", "Unity.VisualStudio.Editor.csproj", "{48910da6-3483-6b3e-c0a4-4b4350ffd732}"
EndProject
Project("{FAE04EC0-301F-11D3-BF4B-00C04F79EFBC}") = "Unity.2D.Psdimporter.Editor", "Unity.2D.Psdimporter.Editor.csproj", "{229cb904-3ee8-610a-319c-ecbb513f8514}"
EndProject
Project("{FAE04EC0-301F-11D3-BF4B-00C04F79EFBC}") = "Unity.2D.Animation.Editor", "Unity.2D.Animation.Editor.csproj", "{7ae52110-ec31-a89a-305e-85508d3f1707}"
EndProject
Project("{FAE04EC0-301F-11D3-BF4B-00C04F79EFBC}") = "Unity.TextMeshPro.Editor", "Unity.TextMeshPro.Editor.csproj", "{dcbc3a0f-f23b-73c0-01e5-db69c259d44a}"
EndProject
Project("{FAE04EC0-301F-11D3-BF4B-00C04F79EFBC}") = "Unity.2D.SpriteShape.Editor", "Unity.2D.SpriteShape.Editor.csproj", "{e89feca7-d0fc-391a-3724-ef14597a011e}"
EndProject
Project("{FAE04EC0-301F-11D3-BF4B-00C04F79EFBC}") = "Unity.CollabProxy.Editor", "Unity.CollabProxy.Editor.csproj", "{54853b6b-0749-19e5-db92-1628952920ae}"
EndProject
Project("{FAE04EC0-301F-11D3-BF4B-00C04F79EFBC}") = "PsdPlugin", "PsdPlugin.csproj", "{32fb7525-8ac9-6737-6871-16a21045e4b2}"
EndProject
Project("{FAE04EC0-301F-11D3-BF4B-00C04F79EFBC}") = "Unity.2D.Path.Editor", "Unity.2D.Path.Editor.csproj", "{d40c1178-b4ac-9c60-6ad2-08a34e75f618}"
EndProject
Project("{FAE04EC0-301F-11D3-BF4B-00C04F79EFBC}") = "Unity.Rider.Editor", "Unity.Rider.Editor.csproj", "{ecfb810a-9132-e803-a166-722efcd7ec3a}"
EndProject
Project("{FAE04EC0-301F-11D3-BF4B-00C04F79EFBC}") = "Unity.2D.IK.Editor", "Unity.2D.IK.Editor.csproj", "{7067b68b-8446-5ca5-8ea4-f583614670c4}"
EndProject
Project("{FAE04EC0-301F-11D3-BF4B-00C04F79EFBC}") = "Unity.2D.Sprite.Editor", "Unity.2D.Sprite.Editor.csproj", "{64dfea6c-9265-8dd3-f50e-64c113c56ed9}"
EndProject
Project("{FAE04EC0-301F-11D3-BF4B-00C04F79EFBC}") = "Unity.2D.Tilemap.Editor", "Unity.2D.Tilemap.Editor.csproj", "{ca21f199-bf52-1ca8-0aa4-897f24926eef}"
EndProject
Project("{FAE04EC0-301F-11D3-BF4B-00C04F79EFBC}") = "Unity.2D.PixelPerfect.Editor", "Unity.2D.PixelPerfect.Editor.csproj", "{1ba94037-5c07-9620-2bb2-890901120e4a}"
EndProject
Project("{FAE04EC0-301F-11D3-BF4B-00C04F79EFBC}") = "Unity.VSCode.Editor", "Unity.VSCode.Editor.csproj", "{24202c76-03dc-5432-54e8-cf6ae0b75061}"
EndProject
Project("{FAE04EC0-301F-11D3-BF4B-00C04F79EFBC}") = "Unity.2D.Common.Editor", "Unity.2D.Common.Editor.csproj", "{50228521-30a0-6923-7ac7-490250138ca9}"
EndProject
Project("{FAE04EC0-301F-11D3-BF4B-00C04F79EFBC}") = "Unity.Mathematics.Editor", "Unity.Mathematics.Editor.csproj", "{77f16537-3115-3611-9b52-8e6c74134c8a}"
EndProject
Project("{FAE04EC0-301F-11D3-BF4B-00C04F79EFBC}") = "Unity.InternalAPIEditorBridge.001", "Unity.InternalAPIEditorBridge.001.csproj", "{0e4c9f43-0f05-40c3-b010-0473a9b72b46}"
EndProject
Global
	GlobalSection(SolutionConfigurationPlatforms) = preSolution
		Debug|Any CPU = Debug|Any CPU
	EndGlobalSection
	GlobalSection(ProjectConfigurationPlatforms) = postSolution
		{c580afbf-4e7e-fb7d-3c64-086111cb044f}.Debug|Any CPU.ActiveCfg = Debug|Any CPU
		{c580afbf-4e7e-fb7d-3c64-086111cb044f}.Debug|Any CPU.Build.0 = Debug|Any CPU
		{dda8d5d8-4807-e7c4-2325-570b67e16dc6}.Debug|Any CPU.ActiveCfg = Debug|Any CPU
		{dda8d5d8-4807-e7c4-2325-570b67e16dc6}.Debug|Any CPU.Build.0 = Debug|Any CPU
		{ec73c766-c10f-f7e5-3649-7667d262d58b}.Debug|Any CPU.ActiveCfg = Debug|Any CPU
		{ec73c766-c10f-f7e5-3649-7667d262d58b}.Debug|Any CPU.Build.0 = Debug|Any CPU
		{a26f6f5c-c8d9-9064-8b7b-eae781e5c849}.Debug|Any CPU.ActiveCfg = Debug|Any CPU
		{a26f6f5c-c8d9-9064-8b7b-eae781e5c849}.Debug|Any CPU.Build.0 = Debug|Any CPU
		{fd8942cb-59d4-f3ed-e341-8f51a0b84378}.Debug|Any CPU.ActiveCfg = Debug|Any CPU
		{fd8942cb-59d4-f3ed-e341-8f51a0b84378}.Debug|Any CPU.Build.0 = Debug|Any CPU
		{c95109b8-b62a-649b-baec-3c9f7f20323f}.Debug|Any CPU.ActiveCfg = Debug|Any CPU
		{c95109b8-b62a-649b-baec-3c9f7f20323f}.Debug|Any CPU.Build.0 = Debug|Any CPU
		{809c7ac9-3a8e-aa52-abc0-baf506084d17}.Debug|Any CPU.ActiveCfg = Debug|Any CPU
		{809c7ac9-3a8e-aa52-abc0-baf506084d17}.Debug|Any CPU.Build.0 = Debug|Any CPU
		{daf66e8b-e414-01e6-2149-8e9cc651b622}.Debug|Any CPU.ActiveCfg = Debug|Any CPU
		{daf66e8b-e414-01e6-2149-8e9cc651b622}.Debug|Any CPU.Build.0 = Debug|Any CPU
		{3d0be06c-4ee0-f961-3c7d-5fe79ec77583}.Debug|Any CPU.ActiveCfg = Debug|Any CPU
		{3d0be06c-4ee0-f961-3c7d-5fe79ec77583}.Debug|Any CPU.Build.0 = Debug|Any CPU
		{f328c09b-126b-0678-1c1c-b3f8e3077522}.Debug|Any CPU.ActiveCfg = Debug|Any CPU
		{f328c09b-126b-0678-1c1c-b3f8e3077522}.Debug|Any CPU.Build.0 = Debug|Any CPU
		{97e61d05-b00f-2b49-a489-a1be04f35664}.Debug|Any CPU.ActiveCfg = Debug|Any CPU
		{97e61d05-b00f-2b49-a489-a1be04f35664}.Debug|Any CPU.Build.0 = Debug|Any CPU
		{f6b89418-f51c-d447-1ede-1877df2fe452}.Debug|Any CPU.ActiveCfg = Debug|Any CPU
		{f6b89418-f51c-d447-1ede-1877df2fe452}.Debug|Any CPU.Build.0 = Debug|Any CPU
		{819a6249-77dd-655f-1be2-52bc76ec030f}.Debug|Any CPU.ActiveCfg = Debug|Any CPU
		{819a6249-77dd-655f-1be2-52bc76ec030f}.Debug|Any CPU.Build.0 = Debug|Any CPU
		{5eab2697-20a7-bf8d-92fd-ab551dd6b5d4}.Debug|Any CPU.ActiveCfg = Debug|Any CPU
		{5eab2697-20a7-bf8d-92fd-ab551dd6b5d4}.Debug|Any CPU.Build.0 = Debug|Any CPU
		{4d159712-e6fa-cfc7-103c-665f9eff9f6e}.Debug|Any CPU.ActiveCfg = Debug|Any CPU
		{4d159712-e6fa-cfc7-103c-665f9eff9f6e}.Debug|Any CPU.Build.0 = Debug|Any CPU
		{af3c8b51-c875-91ef-7d73-356bae2df09c}.Debug|Any CPU.ActiveCfg = Debug|Any CPU
		{af3c8b51-c875-91ef-7d73-356bae2df09c}.Debug|Any CPU.Build.0 = Debug|Any CPU
		{06004fb6-1752-86a5-3527-fa6615afefa3}.Debug|Any CPU.ActiveCfg = Debug|Any CPU
		{06004fb6-1752-86a5-3527-fa6615afefa3}.Debug|Any CPU.Build.0 = Debug|Any CPU
		{207445af-e007-a2ab-cb9a-21107be557b3}.Debug|Any CPU.ActiveCfg = Debug|Any CPU
		{207445af-e007-a2ab-cb9a-21107be557b3}.Debug|Any CPU.Build.0 = Debug|Any CPU
		{48910da6-3483-6b3e-c0a4-4b4350ffd732}.Debug|Any CPU.ActiveCfg = Debug|Any CPU
		{48910da6-3483-6b3e-c0a4-4b4350ffd732}.Debug|Any CPU.Build.0 = Debug|Any CPU
		{229cb904-3ee8-610a-319c-ecbb513f8514}.Debug|Any CPU.ActiveCfg = Debug|Any CPU
		{229cb904-3ee8-610a-319c-ecbb513f8514}.Debug|Any CPU.Build.0 = Debug|Any CPU
		{7ae52110-ec31-a89a-305e-85508d3f1707}.Debug|Any CPU.ActiveCfg = Debug|Any CPU
		{7ae52110-ec31-a89a-305e-85508d3f1707}.Debug|Any CPU.Build.0 = Debug|Any CPU
		{dcbc3a0f-f23b-73c0-01e5-db69c259d44a}.Debug|Any CPU.ActiveCfg = Debug|Any CPU
		{dcbc3a0f-f23b-73c0-01e5-db69c259d44a}.Debug|Any CPU.Build.0 = Debug|Any CPU
		{e89feca7-d0fc-391a-3724-ef14597a011e}.Debug|Any CPU.ActiveCfg = Debug|Any CPU
		{e89feca7-d0fc-391a-3724-ef14597a011e}.Debug|Any CPU.Build.0 = Debug|Any CPU
		{54853b6b-0749-19e5-db92-1628952920ae}.Debug|Any CPU.ActiveCfg = Debug|Any CPU
		{54853b6b-0749-19e5-db92-1628952920ae}.Debug|Any CPU.Build.0 = Debug|Any CPU
		{32fb7525-8ac9-6737-6871-16a21045e4b2}.Debug|Any CPU.ActiveCfg = Debug|Any CPU
		{32fb7525-8ac9-6737-6871-16a21045e4b2}.Debug|Any CPU.Build.0 = Debug|Any CPU
		{d40c1178-b4ac-9c60-6ad2-08a34e75f618}.Debug|Any CPU.ActiveCfg = Debug|Any CPU
		{d40c1178-b4ac-9c60-6ad2-08a34e75f618}.Debug|Any CPU.Build.0 = Debug|Any CPU
		{ecfb810a-9132-e803-a166-722efcd7ec3a}.Debug|Any CPU.ActiveCfg = Debug|Any CPU
		{ecfb810a-9132-e803-a166-722efcd7ec3a}.Debug|Any CPU.Build.0 = Debug|Any CPU
		{7067b68b-8446-5ca5-8ea4-f583614670c4}.Debug|Any CPU.ActiveCfg = Debug|Any CPU
		{7067b68b-8446-5ca5-8ea4-f583614670c4}.Debug|Any CPU.Build.0 = Debug|Any CPU
		{64dfea6c-9265-8dd3-f50e-64c113c56ed9}.Debug|Any CPU.ActiveCfg = Debug|Any CPU
		{64dfea6c-9265-8dd3-f50e-64c113c56ed9}.Debug|Any CPU.Build.0 = Debug|Any CPU
		{ca21f199-bf52-1ca8-0aa4-897f24926eef}.Debug|Any CPU.ActiveCfg = Debug|Any CPU
		{ca21f199-bf52-1ca8-0aa4-897f24926eef}.Debug|Any CPU.Build.0 = Debug|Any CPU
		{1ba94037-5c07-9620-2bb2-890901120e4a}.Debug|Any CPU.ActiveCfg = Debug|Any CPU
		{1ba94037-5c07-9620-2bb2-890901120e4a}.Debug|Any CPU.Build.0 = Debug|Any CPU
		{24202c76-03dc-5432-54e8-cf6ae0b75061}.Debug|Any CPU.ActiveCfg = Debug|Any CPU
		{24202c76-03dc-5432-54e8-cf6ae0b75061}.Debug|Any CPU.Build.0 = Debug|Any CPU
		{50228521-30a0-6923-7ac7-490250138ca9}.Debug|Any CPU.ActiveCfg = Debug|Any CPU
		{50228521-30a0-6923-7ac7-490250138ca9}.Debug|Any CPU.Build.0 = Debug|Any CPU
		{77f16537-3115-3611-9b52-8e6c74134c8a}.Debug|Any CPU.ActiveCfg = Debug|Any CPU
		{77f16537-3115-3611-9b52-8e6c74134c8a}.Debug|Any CPU.Build.0 = Debug|Any CPU
		{0e4c9f43-0f05-40c3-b010-0473a9b72b46}.Debug|Any CPU.ActiveCfg = Debug|Any CPU
		{0e4c9f43-0f05-40c3-b010-0473a9b72b46}.Debug|Any CPU.Build.0 = Debug|Any CPU
	EndGlobalSection
	GlobalSection(SolutionProperties) = preSolution
		HideSolutionNode = FALSE
	EndGlobalSection
EndGlobal
