
Microsoft Visual Studio Solution File, Format Version 11.00
# Visual Studio 2010
Project("{FAE04EC0-301F-11D3-BF4B-00C04F79EFBC}") = "Assembly-CSharp", "Assembly-CSharp.csproj", "{e3ec787d-1e0c-99f7-30d6-ce7f50b9f1d0}"
EndProject
Project("{FAE04EC0-301F-11D3-BF4B-00C04F79EFBC}") = "Assembly-CSharp-firstpass", "Assembly-CSharp-firstpass.csproj", "{f76c5c3c-295f-54cb-a267-863103cdfee0}"
EndProject
Global
	GlobalSection(SolutionConfigurationPlatforms) = preSolution
		Debug|Any CPU = Debug|Any CPU
	EndGlobalSection
	GlobalSection(ProjectConfigurationPlatforms) = postSolution
		{e3ec787d-1e0c-99f7-30d6-ce7f50b9f1d0}.Debug|Any CPU.ActiveCfg = Debug|Any CPU
		{e3ec787d-1e0c-99f7-30d6-ce7f50b9f1d0}.Debug|Any CPU.Build.0 = Debug|Any CPU
		{f76c5c3c-295f-54cb-a267-863103cdfee0}.Debug|Any CPU.ActiveCfg = Debug|Any CPU
		{f76c5c3c-295f-54cb-a267-863103cdfee0}.Debug|Any CPU.Build.0 = Debug|Any CPU
	EndGlobalSection
	GlobalSection(SolutionProperties) = preSolution
		HideSolutionNode = FALSE
	EndGlobalSection
EndGlobal
